// !$*UTF8*$!
{
	archiveVersion = 1;
	classes = {
	};
	objectVersion = 56;
	objects = {

/* Begin PBXBuildFile section */
		3414D6CD2AD49CC300144C0F /* SignInView.swift in Sources */ = {isa = PBXBuildFile; fileRef = 3414D6CC2AD49CC300144C0F /* SignInView.swift */; };
		3414D6CF2AD49D1600144C0F /* SignInViewModel.swift in Sources */ = {isa = PBXBuildFile; fileRef = 3414D6CE2AD49D1600144C0F /* SignInViewModel.swift */; };
		3414D6D12AD49DA600144C0F /* SplashViewRouter.swift in Sources */ = {isa = PBXBuildFile; fileRef = 3414D6D02AD49DA600144C0F /* SplashViewRouter.swift */; };
		3431445929CBAD3500AA31D5 /* HabitApp.swift in Sources */ = {isa = PBXBuildFile; fileRef = 3431445829CBAD3500AA31D5 /* HabitApp.swift */; };
		3431445D29CBAD3600AA31D5 /* Assets.xcassets in Resources */ = {isa = PBXBuildFile; fileRef = 3431445C29CBAD3600AA31D5 /* Assets.xcassets */; };
		3431446029CBAD3600AA31D5 /* Preview Assets.xcassets in Resources */ = {isa = PBXBuildFile; fileRef = 3431445F29CBAD3600AA31D5 /* Preview Assets.xcassets */; };
		3431446B29CBB29000AA31D5 /* SplashView.swift in Sources */ = {isa = PBXBuildFile; fileRef = 3431446A29CBB29000AA31D5 /* SplashView.swift */; };
		3431446D29CBB33D00AA31D5 /* SplashUiState.swift in Sources */ = {isa = PBXBuildFile; fileRef = 3431446C29CBB33D00AA31D5 /* SplashUiState.swift */; };
		34B81D8D29F9E5C90054E838 /* SplashViewModel.swift in Sources */ = {isa = PBXBuildFile; fileRef = 34B81D8C29F9E5C90054E838 /* SplashViewModel.swift */; };
/* End PBXBuildFile section */

/* Begin PBXFileReference section */
		3414D6CC2AD49CC300144C0F /* SignInView.swift */ = {isa = PBXFileReference; lastKnownFileType = sourcecode.swift; path = SignInView.swift; sourceTree = "<group>"; };
		3414D6CE2AD49D1600144C0F /* SignInViewModel.swift */ = {isa = PBXFileReference; lastKnownFileType = sourcecode.swift; path = SignInViewModel.swift; sourceTree = "<group>"; };
		3414D6D02AD49DA600144C0F /* SplashViewRouter.swift */ = {isa = PBXFileReference; lastKnownFileType = sourcecode.swift; path = SplashViewRouter.swift; sourceTree = "<group>"; };
		3431445529CBAD3500AA31D5 /* Habit.app */ = {isa = PBXFileReference; explicitFileType = wrapper.application; includeInIndex = 0; path = Habit.app; sourceTree = BUILT_PRODUCTS_DIR; };
		3431445829CBAD3500AA31D5 /* HabitApp.swift */ = {isa = PBXFileReference; lastKnownFileType = sourcecode.swift; path = HabitApp.swift; sourceTree = "<group>"; };
		3431445C29CBAD3600AA31D5 /* Assets.xcassets */ = {isa = PBXFileReference; lastKnownFileType = folder.assetcatalog; path = Assets.xcassets; sourceTree = "<group>"; };
		3431445F29CBAD3600AA31D5 /* Preview Assets.xcassets */ = {isa = PBXFileReference; lastKnownFileType = folder.assetcatalog; path = "Preview Assets.xcassets"; sourceTree = "<group>"; };
		3431446A29CBB29000AA31D5 /* SplashView.swift */ = {isa = PBXFileReference; lastKnownFileType = sourcecode.swift; path = SplashView.swift; sourceTree = "<group>"; };
		3431446C29CBB33D00AA31D5 /* SplashUiState.swift */ = {isa = PBXFileReference; lastKnownFileType = sourcecode.swift; path = SplashUiState.swift; sourceTree = "<group>"; };
		34B81D8C29F9E5C90054E838 /* SplashViewModel.swift */ = {isa = PBXFileReference; lastKnownFileType = sourcecode.swift; path = SplashViewModel.swift; sourceTree = "<group>"; };
/* End PBXFileReference section */

/* Begin PBXFrameworksBuildPhase section */
		3431445229CBAD3500AA31D5 /* Frameworks */ = {
			isa = PBXFrameworksBuildPhase;
			buildActionMask = 2147483647;
			files = (
			);
			runOnlyForDeploymentPostprocessing = 0;
		};
/* End PBXFrameworksBuildPhase section */

/* Begin PBXGroup section */
		3414D6C82AD49C6A00144C0F /* SignIn */ = {
			isa = PBXGroup;
			children = (
				3414D6CB2AD49C9A00144C0F /* View */,
				3414D6CA2AD49C9400144C0F /* Model */,
				3414D6C92AD49C7B00144C0F /* ViewModel */,
			);
			path = SignIn;
			sourceTree = "<group>";
		};
		3414D6C92AD49C7B00144C0F /* ViewModel */ = {
			isa = PBXGroup;
			children = (
				3414D6CE2AD49D1600144C0F /* SignInViewModel.swift */,
			);
			path = ViewModel;
			sourceTree = "<group>";
		};
		3414D6CA2AD49C9400144C0F /* Model */ = {
			isa = PBXGroup;
			children = (
			);
			path = Model;
			sourceTree = "<group>";
		};
		3414D6CB2AD49C9A00144C0F /* View */ = {
			isa = PBXGroup;
			children = (
				3414D6CC2AD49CC300144C0F /* SignInView.swift */,
			);
			path = View;
			sourceTree = "<group>";
		};
		3431444C29CBAD3500AA31D5 = {
			isa = PBXGroup;
			children = (
				3431445729CBAD3500AA31D5 /* Habit */,
				3431445629CBAD3500AA31D5 /* Products */,
			);
			sourceTree = "<group>";
		};
		3431445629CBAD3500AA31D5 /* Products */ = {
			isa = PBXGroup;
			children = (
				3431445529CBAD3500AA31D5 /* Habit.app */,
			);
			name = Products;
			sourceTree = "<group>";
		};
		3431445729CBAD3500AA31D5 /* Habit */ = {
			isa = PBXGroup;
			children = (
				3414D6C82AD49C6A00144C0F /* SignIn */,
				3431446729CBB25000AA31D5 /* Splash */,
				3431445829CBAD3500AA31D5 /* HabitApp.swift */,
				3431445C29CBAD3600AA31D5 /* Assets.xcassets */,
				3431445E29CBAD3600AA31D5 /* Preview Content */,
			);
			path = Habit;
			sourceTree = "<group>";
		};
		3431445E29CBAD3600AA31D5 /* Preview Content */ = {
			isa = PBXGroup;
			children = (
				3431445F29CBAD3600AA31D5 /* Preview Assets.xcassets */,
			);
			path = "Preview Content";
			sourceTree = "<group>";
		};
		3431446729CBB25000AA31D5 /* Splash */ = {
			isa = PBXGroup;
			children = (
				34B81D8B29F9E5A40054E838 /* ViewModel */,
				3431446929CBB26A00AA31D5 /* Model */,
				3431446829CBB26300AA31D5 /* View */,
			);
			path = Splash;
			sourceTree = "<group>";
		};
		3431446829CBB26300AA31D5 /* View */ = {
			isa = PBXGroup;
			children = (
				3431446A29CBB29000AA31D5 /* SplashView.swift */,
			);
			path = View;
			sourceTree = "<group>";
		};
		3431446929CBB26A00AA31D5 /* Model */ = {
			isa = PBXGroup;
			children = (
				3431446C29CBB33D00AA31D5 /* SplashUiState.swift */,
			);
			path = Model;
			sourceTree = "<group>";
		};
		34B81D8B29F9E5A40054E838 /* ViewModel */ = {
			isa = PBXGroup;
			children = (
				34B81D8C29F9E5C90054E838 /* SplashViewModel.swift */,
				3414D6D02AD49DA600144C0F /* SplashViewRouter.swift */,
			);
			path = ViewModel;
			sourceTree = "<group>";
		};
/* End PBXGroup section */

/* Begin PBXNativeTarget section */
		3431445429CBAD3500AA31D5 /* Habit */ = {
			isa = PBXNativeTarget;
			buildConfigurationList = 3431446329CBAD3600AA31D5 /* Build configuration list for PBXNativeTarget "Habit" */;
			buildPhases = (
				3431445129CBAD3500AA31D5 /* Sources */,
				3431445229CBAD3500AA31D5 /* Frameworks */,
				3431445329CBAD3500AA31D5 /* Resources */,
			);
			buildRules = (
			);
			dependencies = (
			);
			name = Habit;
			productName = Habit;
			productReference = 3431445529CBAD3500AA31D5 /* Habit.app */;
			productType = "com.apple.product-type.application";
		};
/* End PBXNativeTarget section */

/* Begin PBXProject section */
		3431444D29CBAD3500AA31D5 /* Project object */ = {
			isa = PBXProject;
			attributes = {
				BuildIndependentTargetsInParallel = 1;
				LastSwiftUpdateCheck = 1420;
				LastUpgradeCheck = 1420;
				TargetAttributes = {
					3431445429CBAD3500AA31D5 = {
						CreatedOnToolsVersion = 14.2;
					};
				};
			};
			buildConfigurationList = 3431445029CBAD3500AA31D5 /* Build configuration list for PBXProject "Habit" */;
			compatibilityVersion = "Xcode 14.0";
			developmentRegion = en;
			hasScannedForEncodings = 0;
			knownRegions = (
				en,
				Base,
			);
			mainGroup = 3431444C29CBAD3500AA31D5;
			productRefGroup = 3431445629CBAD3500AA31D5 /* Products */;
			projectDirPath = "";
			projectRoot = "";
			targets = (
				3431445429CBAD3500AA31D5 /* Habit */,
			);
		};
/* End PBXProject section */

/* Begin PBXResourcesBuildPhase section */
		3431445329CBAD3500AA31D5 /* Resources */ = {
			isa = PBXResourcesBuildPhase;
			buildActionMask = 2147483647;
			files = (
				3431446029CBAD3600AA31D5 /* Preview Assets.xcassets in Resources */,
				3431445D29CBAD3600AA31D5 /* Assets.xcassets in Resources */,
			);
			runOnlyForDeploymentPostprocessing = 0;
		};
/* End PBXResourcesBuildPhase section */

/* Begin PBXSourcesBuildPhase section */
		3431445129CBAD3500AA31D5 /* Sources */ = {
			isa = PBXSourcesBuildPhase;
			buildActionMask = 2147483647;
			files = (
				3431446B29CBB29000AA31D5 /* SplashView.swift in Sources */,
				3431445929CBAD3500AA31D5 /* HabitApp.swift in Sources */,
				3431446D29CBB33D00AA31D5 /* SplashUiState.swift in Sources */,
				3414D6CF2AD49D1600144C0F /* SignInViewModel.swift in Sources */,
				3414D6CD2AD49CC300144C0F /* SignInView.swift in Sources */,
				3414D6D12AD49DA600144C0F /* SplashViewRouter.swift in Sources */,
				34B81D8D29F9E5C90054E838 /* SplashViewModel.swift in Sources */,
			);
			runOnlyForDeploymentPostprocessing = 0;
		};
/* End PBXSourcesBuildPhase section */

/* Begin XCBuildConfiguration section */
		3431446129CBAD3600AA31D5 /* Debug */ = {
			isa = XCBuildConfiguration;
			buildSettings = {
				ALWAYS_SEARCH_USER_PATHS = NO;
				CLANG_ANALYZER_NONNULL = YES;
				CLANG_ANALYZER_NUMBER_OBJECT_CONVERSION = YES_AGGRESSIVE;
				CLANG_CXX_LANGUAGE_STANDARD = "gnu++20";
				CLANG_ENABLE_MODULES = YES;
				CLANG_ENABLE_OBJC_ARC = YES;
				CLANG_ENABLE_OBJC_WEAK = YES;
				CLANG_WARN_BLOCK_CAPTURE_AUTORELEASING = YES;
				CLANG_WARN_BOOL_CONVERSION = YES;
				CLANG_WARN_COMMA = YES;
				CLANG_WARN_CONSTANT_CONVERSION = YES;
				CLANG_WARN_DEPRECATED_OBJC_IMPLEMENTATIONS = YES;
				CLANG_WARN_DIRECT_OBJC_ISA_USAGE = YES_ERROR;
				CLANG_WARN_DOCUMENTATION_COMMENTS = YES;
				CLANG_WARN_EMPTY_BODY = YES;
				CLANG_WARN_ENUM_CONVERSION = YES;
				CLANG_WARN_INFINITE_RECURSION = YES;
				CLANG_WARN_INT_CONVERSION = YES;
				CLANG_WARN_NON_LITERAL_NULL_CONVERSION = YES;
				CLANG_WARN_OBJC_IMPLICIT_RETAIN_SELF = YES;
				CLANG_WARN_OBJC_LITERAL_CONVERSION = YES;
				CLANG_WARN_OBJC_ROOT_CLASS = YES_ERROR;
				CLANG_WARN_QUOTED_INCLUDE_IN_FRAMEWORK_HEADER = YES;
				CLANG_WARN_RANGE_LOOP_ANALYSIS = YES;
				CLANG_WARN_STRICT_PROTOTYPES = YES;
				CLANG_WARN_SUSPICIOUS_MOVE = YES;
				CLANG_WARN_UNGUARDED_AVAILABILITY = YES_AGGRESSIVE;
				CLANG_WARN_UNREACHABLE_CODE = YES;
				CLANG_WARN__DUPLICATE_METHOD_MATCH = YES;
				COPY_PHASE_STRIP = NO;
				DEBUG_INFORMATION_FORMAT = dwarf;
				ENABLE_STRICT_OBJC_MSGSEND = YES;
				ENABLE_TESTABILITY = YES;
				GCC_C_LANGUAGE_STANDARD = gnu11;
				GCC_DYNAMIC_NO_PIC = NO;
				GCC_NO_COMMON_BLOCKS = YES;
				GCC_OPTIMIZATION_LEVEL = 0;
				GCC_PREPROCESSOR_DEFINITIONS = (
					"DEBUG=1",
					"$(inherited)",
				);
				GCC_WARN_64_TO_32_BIT_CONVERSION = YES;
				GCC_WARN_ABOUT_RETURN_TYPE = YES_ERROR;
				GCC_WARN_UNDECLARED_SELECTOR = YES;
				GCC_WARN_UNINITIALIZED_AUTOS = YES_AGGRESSIVE;
				GCC_WARN_UNUSED_FUNCTION = YES;
				GCC_WARN_UNUSED_VARIABLE = YES;
				IPHONEOS_DEPLOYMENT_TARGET = 16.2;
				MTL_ENABLE_DEBUG_INFO = INCLUDE_SOURCE;
				MTL_FAST_MATH = YES;
				ONLY_ACTIVE_ARCH = YES;
				SDKROOT = iphoneos;
				SWIFT_ACTIVE_COMPILATION_CONDITIONS = DEBUG;
				SWIFT_OPTIMIZATION_LEVEL = "-Onone";
			};
			name = Debug;
		};
		3431446229CBAD3600AA31D5 /* Release */ = {
			isa = XCBuildConfiguration;
			buildSettings = {
				ALWAYS_SEARCH_USER_PATHS = NO;
				CLANG_ANALYZER_NONNULL = YES;
				CLANG_ANALYZER_NUMBER_OBJECT_CONVERSION = YES_AGGRESSIVE;
				CLANG_CXX_LANGUAGE_STANDARD = "gnu++20";
				CLANG_ENABLE_MODULES = YES;
				CLANG_ENABLE_OBJC_ARC = YES;
				CLANG_ENABLE_OBJC_WEAK = YES;
				CLANG_WARN_BLOCK_CAPTURE_AUTORELEASING = YES;
				CLANG_WARN_BOOL_CONVERSION = YES;
				CLANG_WARN_COMMA = YES;
				CLANG_WARN_CONSTANT_CONVERSION = YES;
				CLANG_WARN_DEPRECATED_OBJC_IMPLEMENTATIONS = YES;
				CLANG_WARN_DIRECT_OBJC_ISA_USAGE = YES_ERROR;
				CLANG_WARN_DOCUMENTATION_COMMENTS = YES;
				CLANG_WARN_EMPTY_BODY = YES;
				CLANG_WARN_ENUM_CONVERSION = YES;
				CLANG_WARN_INFINITE_RECURSION = YES;
				CLANG_WARN_INT_CONVERSION = YES;
				CLANG_WARN_NON_LITERAL_NULL_CONVERSION = YES;
				CLANG_WARN_OBJC_IMPLICIT_RETAIN_SELF = YES;
				CLANG_WARN_OBJC_LITERAL_CONVERSION = YES;
				CLANG_WARN_OBJC_ROOT_CLASS = YES_ERROR;
				CLANG_WARN_QUOTED_INCLUDE_IN_FRAMEWORK_HEADER = YES;
				CLANG_WARN_RANGE_LOOP_ANALYSIS = YES;
				CLANG_WARN_STRICT_PROTOTYPES = YES;
				CLANG_WARN_SUSPICIOUS_MOVE = YES;
				CLANG_WARN_UNGUARDED_AVAILABILITY = YES_AGGRESSIVE;
				CLANG_WARN_UNREACHABLE_CODE = YES;
				CLANG_WARN__DUPLICATE_METHOD_MATCH = YES;
				COPY_PHASE_STRIP = NO;
				DEBUG_INFORMATION_FORMAT = "dwarf-with-dsym";
				ENABLE_NS_ASSERTIONS = NO;
				ENABLE_STRICT_OBJC_MSGSEND = YES;
				GCC_C_LANGUAGE_STANDARD = gnu11;
				GCC_NO_COMMON_BLOCKS = YES;
				GCC_WARN_64_TO_32_BIT_CONVERSION = YES;
				GCC_WARN_ABOUT_RETURN_TYPE = YES_ERROR;
				GCC_WARN_UNDECLARED_SELECTOR = YES;
				GCC_WARN_UNINITIALIZED_AUTOS = YES_AGGRESSIVE;
				GCC_WARN_UNUSED_FUNCTION = YES;
				GCC_WARN_UNUSED_VARIABLE = YES;
				IPHONEOS_DEPLOYMENT_TARGET = 16.2;
				MTL_ENABLE_DEBUG_INFO = NO;
				MTL_FAST_MATH = YES;
				SDKROOT = iphoneos;
				SWIFT_COMPILATION_MODE = wholemodule;
				SWIFT_OPTIMIZATION_LEVEL = "-O";
				VALIDATE_PRODUCT = YES;
			};
			name = Release;
		};
		3431446429CBAD3600AA31D5 /* Debug */ = {
			isa = XCBuildConfiguration;
			buildSettings = {
				ASSETCATALOG_COMPILER_APPICON_NAME = AppIcon;
				ASSETCATALOG_COMPILER_GLOBAL_ACCENT_COLOR_NAME = AccentColor;
				CODE_SIGN_STYLE = Automatic;
				CURRENT_PROJECT_VERSION = 1;
				DEVELOPMENT_ASSET_PATHS = "\"Habit/Preview Content\"";
				DEVELOPMENT_TEAM = X5J7L56MV2;
				ENABLE_PREVIEWS = YES;
				GENERATE_INFOPLIST_FILE = YES;
				INFOPLIST_KEY_UIApplicationSceneManifest_Generation = YES;
				INFOPLIST_KEY_UIApplicationSupportsIndirectInputEvents = YES;
				INFOPLIST_KEY_UILaunchScreen_Generation = YES;
				INFOPLIST_KEY_UISupportedInterfaceOrientations_iPad = "UIInterfaceOrientationPortrait UIInterfaceOrientationPortraitUpsideDown UIInterfaceOrientationLandscapeLeft UIInterfaceOrientationLandscapeRight";
				INFOPLIST_KEY_UISupportedInterfaceOrientations_iPhone = "UIInterfaceOrientationPortrait UIInterfaceOrientationLandscapeLeft UIInterfaceOrientationLandscapeRight";
				IPHONEOS_DEPLOYMENT_TARGET = 14.0;
				LD_RUNPATH_SEARCH_PATHS = (
					"$(inherited)",
					"@executable_path/Frameworks",
				);
				MARKETING_VERSION = 1.0;
				PRODUCT_BUNDLE_IDENTIFIER = com.confradesTech.Habit;
				PRODUCT_NAME = "$(TARGET_NAME)";
				SWIFT_EMIT_LOC_STRINGS = YES;
				SWIFT_VERSION = 5.0;
				TARGETED_DEVICE_FAMILY = "1,2";
			};
			name = Debug;
		};
		3431446529CBAD3600AA31D5 /* Release */ = {
			isa = XCBuildConfiguration;
			buildSettings = {
				ASSETCATALOG_COMPILER_APPICON_NAME = AppIcon;
				ASSETCATALOG_COMPILER_GLOBAL_ACCENT_COLOR_NAME = AccentColor;
				CODE_SIGN_STYLE = Automatic;
				CURRENT_PROJECT_VERSION = 1;
				DEVELOPMENT_ASSET_PATHS = "\"Habit/Preview Content\"";
				DEVELOPMENT_TEAM = X5J7L56MV2;
				ENABLE_PREVIEWS = YES;
				GENERATE_INFOPLIST_FILE = YES;
				INFOPLIST_KEY_UIApplicationSceneManifest_Generation = YES;
				INFOPLIST_KEY_UIApplicationSupportsIndirectInputEvents = YES;
				INFOPLIST_KEY_UILaunchScreen_Generation = YES;
				INFOPLIST_KEY_UISupportedInterfaceOrientations_iPad = "UIInterfaceOrientationPortrait UIInterfaceOrientationPortraitUpsideDown UIInterfaceOrientationLandscapeLeft UIInterfaceOrientationLandscapeRight";
				INFOPLIST_KEY_UISupportedInterfaceOrientations_iPhone = "UIInterfaceOrientationPortrait UIInterfaceOrientationLandscapeLeft UIInterfaceOrientationLandscapeRight";
				IPHONEOS_DEPLOYMENT_TARGET = 14.0;
				LD_RUNPATH_SEARCH_PATHS = (
					"$(inherited)",
					"@executable_path/Frameworks",
				);
				MARKETING_VERSION = 1.0;
				PRODUCT_BUNDLE_IDENTIFIER = com.confradesTech.Habit;
				PRODUCT_NAME = "$(TARGET_NAME)";
				SWIFT_EMIT_LOC_STRINGS = YES;
				SWIFT_VERSION = 5.0;
				TARGETED_DEVICE_FAMILY = "1,2";
			};
			name = Release;
		};
/* End XCBuildConfiguration section */

/* Begin XCConfigurationList section */
		3431445029CBAD3500AA31D5 /* Build configuration list for PBXProject "Habit" */ = {
			isa = XCConfigurationList;
			buildConfigurations = (
				3431446129CBAD3600AA31D5 /* Debug */,
				3431446229CBAD3600AA31D5 /* Release */,
			);
			defaultConfigurationIsVisible = 0;
			defaultConfigurationName = Release;
		};
		3431446329CBAD3600AA31D5 /* Build configuration list for PBXNativeTarget "Habit" */ = {
			isa = XCConfigurationList;
			buildConfigurations = (
				3431446429CBAD3600AA31D5 /* Debug */,
				3431446529CBAD3600AA31D5 /* Release */,
			);
			defaultConfigurationIsVisible = 0;
			defaultConfigurationName = Release;
		};
/* End XCConfigurationList section */
	};
	rootObject = 3431444D29CBAD3500AA31D5 /* Project object */;
}
